# Generated by pub
# See https://dart.dev/tools/pub/glossary#lockfile
packages:
  archive:
    dependency: transitive
    description:
      name: archive
      sha256: a96e8b390886ee8abb49b7bd3ac8df6f451c621619f52a26e815fdcf568959ff
      url: "https://pub.dev"
    source: hosted
    version: "4.0.9"
  args:
    dependency: transitive
    description:
      name: args
      sha256: d0481093c50b1da8910eb0bb301626d4d8eb7284aa739614d2b394ee09e3ea04
      url: "https://pub.dev"
    source: hosted
    version: "2.7.0"
  async:
    dependency: transitive
    description:
      name: async
      sha256: e2eb0491ba5ddb6177742d2da23904574082139b07c1e33b8503b9f46f3e1a37
      url: "https://pub.dev"
    source: hosted
    version: "2.13.1"
  boolean_selector:
    dependency: transitive
    description:
      name: boolean_selector
      sha256: "8aab1771e1243a5063b8b0ff68042d67334e3feab9e95b9490f9a6ebf73b42ea"
      url: "https://pub.dev"
    source: hosted
    version: "2.1.2"
  characters:
    dependency: transitive
    description:
      name: characters
      sha256: faf38497bda5ead2a8c7615f4f7939df04333478bf32e4173fcb06d428b5716b
      url: "https://pub.dev"
    source: hosted
    version: "1.4.1"
  charcode:
    dependency: transitive
    description:
      name: charcode
      sha256: fb0f1107cac15a5ea6ef0a6ef71a807b9e4267c713bb93e00e92d737cc8dbd8a
      url: "https://pub.dev"
    source: hosted
    version: "1.4.0"
  clock:
    dependency: transitive
    description:
      name: clock
      sha256: fddb70d9b5277016c77a80201021d40a2247104d9f4aa7bab7157b7e3f05b84b
      url: "https://pub.dev"
    source: hosted
    version: "1.1.2"
  code_assets:
    dependency: transitive
    description:
      name: code_assets
      sha256: bf394f466ba9205f1812a0433b392d6af280f155f56651eda7c18cc32ed493b8
      url: "https://pub.dev"
    source: hosted
    version: "1.2.1"
  collection:
    dependency: transitive
    description:
      name: collection
      sha256: "2f5709ae4d3d59dd8f7cd309b4e023046b57d8a6c82130785d2b0e5868084e76"
      url: "https://pub.dev"
    source: hosted
    version: "1.19.1"
  cross_file:
    dependency: transitive
    description:
      name: cross_file
      sha256: "92c9c43c383bfa1c32079d3bc492d55d6d4318044b7b47edaff8971cbb555c51"
      url: "https://pub.dev"
    source: hosted
    version: "0.3.5+4"
  crypto:
    dependency: transitive
    description:
      name: crypto
      sha256: c8ea0233063ba03258fbcf2ca4d6dadfefe14f02fab57702265467a19f27fadf
      url: "https://pub.dev"
    source: hosted
    version: "3.0.7"
  cryptography:
    dependency: "direct main"
    description:
      name: cryptography
      sha256: "3eda3029d34ec9095a27a198ac9785630fe525c0eb6a49f3d575272f8e792ef0"
      url: "https://pub.dev"
    source: hosted
    version: "2.9.0"
  csslib:
    dependency: transitive
    description:
      name: csslib
      sha256: "09bad715f418841f976c77db72d5398dc1253c21fb9c0c7f0b0b985860b2d58e"
      url: "https://pub.dev"
    source: hosted
    version: "1.0.2"
  cupertino_icons:
    dependency: "direct main"
    description:
      name: cupertino_icons
      sha256: "41e005c33bd814be4d3096aff55b1908d419fde52ca656c8c47719ec745873cd"
      url: "https://pub.dev"
    source: hosted
    version: "1.0.9"
  dart_quill_delta:
    dependency: transitive
    description:
      name: dart_quill_delta
      sha256: bddb0b2948bd5b5a328f1651764486d162c59a8ccffd4c63e8b2c5e44be1dac4
      url: "https://pub.dev"
    source: hosted
    version: "10.8.3"
  dbus:
    dependency: transitive
    description:
      name: dbus
      sha256: "0ce9b0a839e6dee59a37a623d2fc26a35bbbe6404213e419b0d6411023d62645"
      url: "https://pub.dev"
    source: hosted
    version: "0.7.14"
  diff_match_patch:
    dependency: transitive
    description:
      name: diff_match_patch
      sha256: "2efc9e6e8f449d0abe15be240e2c2a3bcd977c8d126cfd70598aee60af35c0a4"
      url: "https://pub.dev"
    source: hosted
    version: "0.4.1"
  event_bus:
    dependency: transitive
    description:
      name: event_bus
      sha256: "1a55e97923769c286d295240048fc180e7b0768902c3c2e869fe059aafa15304"
      url: "https://pub.dev"
    source: hosted
    version: "2.0.1"
  fake_async:
    dependency: transitive
    description:
      name: fake_async
      sha256: "5368f224a74523e8d2e7399ea1638b37aecfca824a3cc4dfdf77bf1fa905ac44"
      url: "https://pub.dev"
    source: hosted
    version: "1.3.3"
  ffi:
    dependency: transitive
    description:
      name: ffi
      sha256: "6d7fd89431262d8f3125e81b50d3847a091d846eafcd4fdb88dd06f36d705a45"
      url: "https://pub.dev"
    source: hosted
    version: "2.2.0"
  ffi_leak_tracker:
    dependency: transitive
    description:
      name: ffi_leak_tracker
      sha256: "4093d4ef9ca06ffe2786e73bfb25e22aa92112b9bb4ec941f11e3e6b61489a97"
      url: "https://pub.dev"
    source: hosted
    version: "0.1.2"
  file:
    dependency: transitive
    description:
      name: file
      sha256: a3b4f84adafef897088c160faf7dfffb7696046cb13ae90b508c2cbc95d3b8d4
      url: "https://pub.dev"
    source: hosted
    version: "7.0.1"
  file_selector_linux:
    dependency: transitive
    description:
      name: file_selector_linux
      sha256: "2567f398e06ac72dcf2e98a0c95df2a9edd03c2c2e0cacd4780f20cdf56263a0"
      url: "https://pub.dev"
    source: hosted
    version: "0.9.4"
  file_selector_macos:
    dependency: transitive
    description:
      name: file_selector_macos
      sha256: "5e0bbe9c312416f1787a68259ea1505b52f258c587f12920422671807c4d618a"
      url: "https://pub.dev"
    source: hosted
    version: "0.9.5"
  file_selector_platform_interface:
    dependency: transitive
    description:
      name: file_selector_platform_interface
      sha256: "35e0bd61ebcdb91a3505813b055b09b79dfdc7d0aee9c09a7ba59ae4bb13dc85"
      url: "https://pub.dev"
    source: hosted
    version: "2.7.0"
  file_selector_windows:
    dependency: transitive
    description:
      name: file_selector_windows
      sha256: "62197474ae75893a62df75939c777763d39c2bc5f73ce5b88497208bc269abfd"
      url: "https://pub.dev"
    source: hosted
    version: "0.9.3+5"
  flutter:
    dependency: "direct main"
    description: flutter
    source: sdk
    version: "0.0.0"
  flutter_colorpicker:
    dependency: transitive
    description:
      name: flutter_colorpicker
      sha256: "969de5f6f9e2a570ac660fb7b501551451ea2a1ab9e2097e89475f60e07816ea"
      url: "https://pub.dev"
    source: hosted
    version: "1.1.0"
  flutter_keyboard_visibility_linux:
    dependency: transitive
    description:
      name: flutter_keyboard_visibility_linux
      sha256: "6fba7cd9bb033b6ddd8c2beb4c99ad02d728f1e6e6d9b9446667398b2ac39f08"
      url: "https://pub.dev"
    source: hosted
    version: "1.0.0"
  flutter_keyboard_visibility_macos:
    dependency: transitive
    description:
      name: flutter_keyboard_visibility_macos
      sha256: c5c49b16fff453dfdafdc16f26bdd8fb8d55812a1d50b0ce25fc8d9f2e53d086
      url: "https://pub.dev"
    source: hosted
    version: "1.0.0"
  flutter_keyboard_visibility_platform_interface:
    dependency: transitive
    description:
      name: flutter_keyboard_visibility_platform_interface
      sha256: e43a89845873f7be10cb3884345ceb9aebf00a659f479d1c8f4293fcb37022a4
      url: "https://pub.dev"
    source: hosted
    version: "2.0.0"
  flutter_keyboard_visibility_temp_fork:
    dependency: transitive
    description:
      name: flutter_keyboard_visibility_temp_fork
      sha256: e3d02900640fbc1129245540db16944a0898b8be81694f4bf04b6c985bed9048
      url: "https://pub.dev"
    source: hosted
    version: "0.1.5"
  flutter_keyboard_visibility_windows:
    dependency: transitive
    description:
      name: flutter_keyboard_visibility_windows
      sha256: fc4b0f0b6be9b93ae527f3d527fb56ee2d918cd88bbca438c478af7bcfd0ef73
      url: "https://pub.dev"
    source: hosted
    version: "1.0.0"
  flutter_lints:
    dependency: "direct dev"
    description:
      name: flutter_lints
      sha256: "5398f14efa795ffb7a33e9b6a08798b26a180edac4ad7db3f231e40f82ce11e1"
      url: "https://pub.dev"
    source: hosted
    version: "5.0.0"
  flutter_local_notifications:
    dependency: "direct main"
    description:
      name: flutter_local_notifications
      sha256: "19ffb0a8bb7407875555e5e98d7343a633bb73707bae6c6a5f37c90014077875"
      url: "https://pub.dev"
    source: hosted
    version: "19.5.0"
  flutter_local_notifications_linux:
    dependency: transitive
    description:
      name: flutter_local_notifications_linux
      sha256: e3c277b2daab8e36ac5a6820536668d07e83851aeeb79c446e525a70710770a5
      url: "https://pub.dev"
    source: hosted
    version: "6.0.0"
  flutter_local_notifications_platform_interface:
    dependency: transitive
    description:
      name: flutter_local_notifications_platform_interface
      sha256: "277d25d960c15674ce78ca97f57d0bae2ee401c844b6ac80fcd972a9c99d09fe"
      url: "https://pub.dev"
    source: hosted
    version: "9.1.0"
  flutter_local_notifications_windows:
    dependency: transitive
    description:
      name: flutter_local_notifications_windows
      sha256: "8d658f0d367c48bd420e7cf2d26655e2d1130147bca1eea917e576ca76668aaf"
      url: "https://pub.dev"
    source: hosted
    version: "1.0.3"
  flutter_localizations:
    dependency: transitive
    description: flutter
    source: sdk
    version: "0.0.0"
  flutter_plugin_android_lifecycle:
    dependency: transitive
    description:
      name: flutter_plugin_android_lifecycle
      sha256: "3854fe5e3bff0b113c658f260b90c95dea17c92db0f2addeac2e343dd9969785"
      url: "https://pub.dev"
    source: hosted
    version: "2.0.35"
  flutter_quill:
    dependency: "direct main"
    description:
      name: flutter_quill
      sha256: "3ee7125b2dd3f3bce3ebdaac722a72f0c8aff3db9aa19053a9d777db12d71c98"
      url: "https://pub.dev"
    source: hosted
    version: "11.5.1"
  flutter_quill_delta_from_html:
    dependency: transitive
    description:
      name: flutter_quill_delta_from_html
      sha256: "0eb801ea8dd498cadc057507af5da794d4c9599ce58b2569cb3d4bb53ba8bed2"
      url: "https://pub.dev"
    source: hosted
    version: "1.5.3"
  flutter_secure_storage:
    dependency: "direct main"
    description:
      name: flutter_secure_storage
      sha256: "7686b1d6a29985dcbb808c59518226e603e3bfa7c0ddfd1a0d00e4cda77c868e"
      url: "https://pub.dev"
    source: hosted
    version: "10.3.1"
  flutter_secure_storage_darwin:
    dependency: transitive
    description:
      name: flutter_secure_storage_darwin
      sha256: "82329fa5cdf343773b1b6897dea959105a29f092454259edff92f9f6637e8149"
      url: "https://pub.dev"
    source: hosted
    version: "0.3.2"
  flutter_secure_storage_linux:
    dependency: transitive
    description:
      name: flutter_secure_storage_linux
      sha256: a5f35ddab43cf5c8215d2feb4ce1957851f28c5c37e6f04335066a0602087bf5
      url: "https://pub.dev"
    source: hosted
    version: "3.0.1"
  flutter_secure_storage_platform_interface:
    dependency: transitive
    description:
      name: flutter_secure_storage_platform_interface
      sha256: "06686df417f34fe9f963ed217b7fdce250e2f637ddd6c374d7eb054549770633"
      url: "https://pub.dev"
    source: hosted
    version: "2.0.2"
  flutter_secure_storage_web:
    dependency: transitive
    description:
      name: flutter_secure_storage_web
      sha256: "073a62b3aeb866ab4ce795f960413948e51e5a42a9b0c8333b6daf5bb3208a1c"
      url: "https://pub.dev"
    source: hosted
    version: "2.1.1"
  flutter_secure_storage_windows:
    dependency: "direct overridden"
    description:
      name: flutter_secure_storage_windows
      sha256: "471951813a97006d899db4948acc654a4f28c440083ea08178935ce20b173ec1"
      url: "https://pub.dev"
    source: hosted
    version: "4.2.2"
  flutter_svg:
    dependency: "direct main"
    description:
      name: flutter_svg
      sha256: "35882981abcbfb8c15b286f0cd690ff25bac12d95eff3e25ee207f37d4c42e7f"
      url: "https://pub.dev"
    source: hosted
    version: "2.3.0"
  flutter_test:
    dependency: "direct dev"
    description: flutter
    source: sdk
    version: "0.0.0"
  flutter_web_plugins:
    dependency: transitive
    description: flutter
    source: sdk
    version: "0.0.0"
  hooks:
    dependency: transitive
    description:
      name: hooks
      sha256: "9a62a50b50b769a737bc0a8ff381f333529df3ab746b2f6b02e83760231455ba"
      url: "https://pub.dev"
    source: hosted
    version: "2.0.2"
  html:
    dependency: transitive
    description:
      name: html
      sha256: "6d1264f2dffa1b1101c25a91dff0dc2daee4c18e87cd8538729773c073dbf602"
      url: "https://pub.dev"
    source: hosted
    version: "0.15.6"
  http:
    dependency: "direct main"
    description:
      name: http
      sha256: "87721a4a50b19c7f1d49001e51409bddc46303966ce89a65af4f4e6004896412"
      url: "https://pub.dev"
    source: hosted
    version: "1.6.0"
  http_parser:
    dependency: transitive
    description:
      name: http_parser
      sha256: "178d74305e7866013777bab2c3d8726205dc5a4dd935297175b19a23a2e66571"
      url: "https://pub.dev"
    source: hosted
    version: "4.1.2"
  image:
    dependency: "direct main"
    description:
      name: image
      sha256: f9881ff4998044947ec38d098bc7c8316ae1186fa786eddffdb867b9bc94dfce
      url: "https://pub.dev"
    source: hosted
    version: "4.8.0"
  image_picker:
    dependency: "direct main"
    description:
      name: image_picker
      sha256: d8402284df184bc05f4a2210c6c23983b0720f4cd87cbd05c5390a78af602667
      url: "https://pub.dev"
    source: hosted
    version: "1.2.3"
  image_picker_android:
    dependency: transitive
    description:
      name: image_picker_android
      sha256: "6f3a1995eafb000333174fae92202622033b0ee7fd917a6cd3730295264df84a"
      url: "https://pub.dev"
    source: hosted
    version: "0.8.13+19"
  image_picker_for_web:
    dependency: transitive
    description:
      name: image_picker_for_web
      sha256: "66257a3191ab360d23a55c8241c91a6e329d31e94efa7be9cf7a212e65850214"
      url: "https://pub.dev"
    source: hosted
    version: "3.1.1"
  image_picker_ios:
    dependency: transitive
    description:
      name: image_picker_ios
      sha256: b9c4a438a9ff4f60808c9cf0039b93a42bb6c2211ef6ebb647394b2b3fa84588
      url: "https://pub.dev"
    source: hosted
    version: "0.8.13+6"
  image_picker_linux:
    dependency: transitive
    description:
      name: image_picker_linux
      sha256: "1f81c5f2046b9ab724f85523e4af65be1d47b038160a8c8deed909762c308ed4"
      url: "https://pub.dev"
    source: hosted
    version: "0.2.2"
  image_picker_macos:
    dependency: transitive
    description:
      name: image_picker_macos
      sha256: "86f0f15a309de7e1a552c12df9ce5b59fe927e71385329355aec4776c6a8ec91"
      url: "https://pub.dev"
    source: hosted
    version: "0.2.2+1"
  image_picker_platform_interface:
    dependency: transitive
    description:
      name: image_picker_platform_interface
      sha256: "567e056716333a1647c64bb6bd873cff7622233a5c3f694be28a583d4715690c"
      url: "https://pub.dev"
    source: hosted
    version: "2.11.1"
  image_picker_windows:
    dependency: transitive
    description:
      name: image_picker_windows
      sha256: d248c86554a72b5495a31c56f060cf73a41c7ff541689327b1a7dbccc33adfae
      url: "https://pub.dev"
    source: hosted
    version: "0.2.2"
  intl:
    dependency: transitive
    description:
      name: intl
      sha256: "3df61194eb431efc39c4ceba583b95633a403f46c9fd341e550ce0bfa50e9aa5"
      url: "https://pub.dev"
    source: hosted
    version: "0.20.2"
  is_ios_simulator:
    dependency: transitive
    description:
      name: is_ios_simulator
      sha256: "01321f4f778ec931b5abc216e6922dccf51e3c5db8aef72b3874f6b4c5447374"
      url: "https://pub.dev"
    source: hosted
    version: "1.0.1"
  jni:
    dependency: transitive
    description:
      name: jni
      sha256: c2230682d5bc2362c1c9e8d3c7f406d9cbba23ab3f2e203a025dd47e0fb2e68f
      url: "https://pub.dev"
    source: hosted
    version: "1.0.0"
  jni_flutter:
    dependency: transitive
    description:
      name: jni_flutter
      sha256: "8b59e590786050b1cd866677dddaf76b1ade5e7bc751abe04b86e84d379d3ba6"
      url: "https://pub.dev"
    source: hosted
    version: "1.0.1"
  leak_tracker:
    dependency: transitive
    description:
      name: leak_tracker
      sha256: "33e2e26bdd85a0112ec15400c8cbffea70d0f9c3407491f672a2fad47915e2de"
      url: "https://pub.dev"
    source: hosted
    version: "11.0.2"
  leak_tracker_flutter_testing:
    dependency: transitive
    description:
      name: leak_tracker_flutter_testing
      sha256: "1dbc140bb5a23c75ea9c4811222756104fbcd1a27173f0c34ca01e16bea473c1"
      url: "https://pub.dev"
    source: hosted
    version: "3.0.10"
  leak_tracker_testing:
    dependency: transitive
    description:
      name: leak_tracker_testing
      sha256: "8d5a2d49f4a66b49744b23b018848400d23e54caf9463f4eb20df3eb8acb2eb1"
      url: "https://pub.dev"
    source: hosted
    version: "3.0.2"
  lints:
    dependency: transitive
    description:
      name: lints
      sha256: c35bb79562d980e9a453fc715854e1ed39e24e7d0297a880ef54e17f9874a9d7
      url: "https://pub.dev"
    source: hosted
    version: "5.1.1"
  logging:
    dependency: transitive
    description:
      name: logging
      sha256: c8245ada5f1717ed44271ed1c26b8ce85ca3228fd2ffdb75468ab01979309d61
      url: "https://pub.dev"
    source: hosted
    version: "1.3.0"
  markdown:
    dependency: transitive
    description:
      name: markdown
      sha256: ee85086ad7698b42522c6ad42fe195f1b9898e4d974a1af4576c1a3a176cada9
      url: "https://pub.dev"
    source: hosted
    version: "7.3.1"
  matcher:
    dependency: transitive
    description:
      name: matcher
      sha256: dc0b7dc7651697ea4ff3e69ef44b0407ea32c487a39fff6a4004fa585e901861
      url: "https://pub.dev"
    source: hosted
    version: "0.12.19"
  material_color_utilities:
    dependency: transitive
    description:
      name: material_color_utilities
      sha256: "9c337007e82b1889149c82ed242ed1cb24a66044e30979c44912381e9be4c48b"
      url: "https://pub.dev"
    source: hosted
    version: "0.13.0"
  meta:
    dependency: transitive
    description:
      name: meta
      sha256: "1741988757a65eb6b36abe716829688cf01910bbf91c34354ff7ec1c3de2b349"
      url: "https://pub.dev"
    source: hosted
    version: "1.18.0"
  mime:
    dependency: transitive
    description:
      name: mime
      sha256: "41a20518f0cb1256669420fdba0cd90d21561e560ac240f26ef8322e45bb7ed6"
      url: "https://pub.dev"
    source: hosted
    version: "2.0.0"
  mobile_scanner:
    dependency: "direct main"
    description:
      name: mobile_scanner
      sha256: ce3f059ebd6dbfab7292bba0e893e354b46730636820d3c9ef69005ce2d55bce
      url: "https://pub.dev"
    source: hosted
    version: "7.4.0"
  mqtt_client:
    dependency: "direct main"
    description:
      name: mqtt_client
      sha256: "41c8edd3bc8efc80c1c8ebfb40081c24d12d13085faca96b9280a624eca2d893"
      url: "https://pub.dev"
    source: hosted
    version: "10.11.11"
  objective_c:
    dependency: transitive
    description:
      name: objective_c
      sha256: "6cb691c686fa2838c6deb34980d426145c2a5d537491cb83d463c33cdbc726ed"
      url: "https://pub.dev"
    source: hosted
    version: "9.4.1"
  package_config:
    dependency: transitive
    description:
      name: package_config
      sha256: f096c55ebb7deb7e384101542bfba8c52696c1b56fca2eb62827989ef2353bbc
      url: "https://pub.dev"
    source: hosted
    version: "2.2.0"
  path:
    dependency: transitive
    description:
      name: path
      sha256: "75cca69d1490965be98c73ceaea117e8a04dd21217b37b292c9ddbec0d955bc5"
      url: "https://pub.dev"
    source: hosted
    version: "1.9.1"
  path_parsing:
    dependency: transitive
    description:
      name: path_parsing
      sha256: "883402936929eac138ee0a45da5b0f2c80f89913e6dc3bf77eb65b84b409c6ca"
      url: "https://pub.dev"
    source: hosted
    version: "1.1.0"
  path_provider:
    dependency: transitive
    description:
      name: path_provider
      sha256: a7f4874f987173da295a61c181b8ee71dab59b332a486b391babf26a1b884825
      url: "https://pub.dev"
    source: hosted
    version: "2.1.6"
  path_provider_android:
    dependency: transitive
    description:
      name: path_provider_android
      sha256: "69cbd515a62b94d32a7944f086b2f82b4ac40a1d45bebfc00813a430ab2dabcd"
      url: "https://pub.dev"
    source: hosted
    version: "2.3.1"
  path_provider_foundation:
    dependency: transitive
    description:
      name: path_provider_foundation
      sha256: "2a376b7d6392d80cd3705782d2caa734ca4727776db0b6ec36ef3f1855197699"
      url: "https://pub.dev"
    source: hosted
    version: "2.6.0"
  path_provider_linux:
    dependency: transitive
    description:
      name: path_provider_linux
      sha256: "58c2005f147315b11e9b4a7bc889cd5203e250cba8e3f012dae259b4972b5c16"
      url: "https://pub.dev"
    source: hosted
    version: "2.2.2"
  path_provider_platform_interface:
    dependency: transitive
    description:
      name: path_provider_platform_interface
      sha256: "484838772624c3a4b94f1e44a3e19897fee738f2d5c4ce448443b0417f7c9dda"
      url: "https://pub.dev"
    source: hosted
    version: "2.1.3"
  path_provider_windows:
    dependency: transitive
    description:
      name: path_provider_windows
      sha256: bd6f00dbd873bfb70d0761682da2b3a2c2fccc2b9e84c495821639601d81afe7
      url: "https://pub.dev"
    source: hosted
    version: "2.3.0"
  petitparser:
    dependency: transitive
    description:
      name: petitparser
      sha256: "91bd59303e9f769f108f8df05e371341b15d59e995e6806aefab827b58336675"
      url: "https://pub.dev"
    source: hosted
    version: "7.0.2"
  platform:
    dependency: transitive
    description:
      name: platform
      sha256: "5d6b1b0036a5f331ebc77c850ebc8506cbc1e9416c27e59b439f917a902a4984"
      url: "https://pub.dev"
    source: hosted
    version: "3.1.6"
  plugin_platform_interface:
    dependency: transitive
    description:
      name: plugin_platform_interface
      sha256: "4820fbfdb9478b1ebae27888254d445073732dae3d6ea81f0b7e06d5dedc3f02"
      url: "https://pub.dev"
    source: hosted
    version: "2.1.8"
  posix:
    dependency: transitive
    description:
      name: posix
      sha256: bc1bad54ad2b735816e31f8d4600cfde6c7839975085ddfbca48b6c9f7c4044e
      url: "https://pub.dev"
    source: hosted
    version: "6.5.2"
  pub_semver:
    dependency: transitive
    description:
      name: pub_semver
      sha256: "5bfcf68ca79ef689f8990d1160781b4bad40a3bd5e5218ad4076ddb7f4081585"
      url: "https://pub.dev"
    source: hosted
    version: "2.2.0"
  qr:
    dependency: transitive
    description:
      name: qr
      sha256: "5a1d2586170e172b8a8c8470bbbffd5eb0cd38a66c0d77155ea138d3af3a4445"
      url: "https://pub.dev"
    source: hosted
    version: "3.0.2"
  qr_flutter:
    dependency: "direct main"
    description:
      name: qr_flutter
      sha256: "5095f0fc6e3f71d08adef8feccc8cea4f12eec18a2e31c2e8d82cb6019f4b097"
      url: "https://pub.dev"
    source: hosted
    version: "4.1.0"
  quill_native_bridge:
    dependency: transitive
    description:
      name: quill_native_bridge
      sha256: "53c7ee4e900ce63fcf566391c5c20a939890cfcf000486d325f451869d23a281"
      url: "https://pub.dev"
    source: hosted
    version: "11.2.0"
  quill_native_bridge_android:
    dependency: transitive
    description:
      name: quill_native_bridge_android
      sha256: "763f2066d252a10c04cc66add7b7fa967bae8d25aefcd180d5ac808f5af4d143"
      url: "https://pub.dev"
    source: hosted
    version: "0.0.2"
  quill_native_bridge_ios:
    dependency: transitive
    description:
      name: quill_native_bridge_ios
      sha256: "31f9a0a955f85fbcd2576fdb6feb1879c70d770980d7f0118b7f2c0621c6b745"
      url: "https://pub.dev"
    source: hosted
    version: "0.0.3"
  quill_native_bridge_linux:
    dependency: transitive
    description:
      name: quill_native_bridge_linux
      sha256: "310ba83ed5bc049033224e9be1e9433d9000e2ad1357c47ece9c0fbc61f4ecad"
      url: "https://pub.dev"
    source: hosted
    version: "0.0.3"
  quill_native_bridge_macos:
    dependency: transitive
    description:
      name: quill_native_bridge_macos
      sha256: "1c0631bd1e2eee765a8b06017c5286a4e829778f4585736e048eb67c97af8a77"
      url: "https://pub.dev"
    source: hosted
    version: "0.0.1"
  quill_native_bridge_platform_interface:
    dependency: transitive
    description:
      name: quill_native_bridge_platform_interface
      sha256: "8264a2bdb8a294c31377a27b46c0f8717fa9f968cf113f7dc52d332ed9c84526"
      url: "https://pub.dev"
    source: hosted
    version: "0.0.2+1"
  quill_native_bridge_web:
    dependency: transitive
    description:
      name: quill_native_bridge_web
      sha256: "7c723f6824b0250d7f33e8b6c23f2f8eb0103fe48ee7ebf47ab6786b64d5c05d"
      url: "https://pub.dev"
    source: hosted
    version: "0.0.2"
  quill_native_bridge_windows:
    dependency: transitive
    description:
      name: quill_native_bridge_windows
      sha256: e91090a2f3ff61cf18bd011f6c0a6c9625f145601e6e8eccf91b6d6cb9a572f8
      url: "https://pub.dev"
    source: hosted
    version: "0.1.0"
  quiver:
    dependency: transitive
    description:
      name: quiver
      sha256: ea0b925899e64ecdfbf9c7becb60d5b50e706ade44a85b2363be2a22d88117d2
      url: "https://pub.dev"
    source: hosted
    version: "3.2.2"
  record_use:
    dependency: transitive
    description:
      name: record_use
      sha256: "2551bd8eecfe95d14ae75f6021ad0248be5c27f138c2ec12fcb52b500b3ba1ed"
      url: "https://pub.dev"
    source: hosted
    version: "0.6.0"
  settings_ui:
    dependency: "direct main"
    description:
      name: settings_ui
      sha256: "7437c9c867f331ff6c90e951f2333441eab5cf5e654c3a7f3e4aad0c01db51ef"
      url: "https://pub.dev"
    source: hosted
    version: "3.0.1"
  shared_preferences:
    dependency: "direct main"
    description:
      name: shared_preferences
      sha256: c3025c5534b01739267eb7d76959bbc25a6d10f6988e1c2a3036940133dd10bf
      url: "https://pub.dev"
    source: hosted
    version: "2.5.5"
  shared_preferences_android:
    dependency: transitive
    description:
      name: shared_preferences_android
      sha256: "0634e64bd719f89c012f392938e173521f535d3ecaf66558fa94a056d22b5cc7"
      url: "https://pub.dev"
    source: hosted
    version: "2.4.27"
  shared_preferences_foundation:
    dependency: transitive
    description:
      name: shared_preferences_foundation
      sha256: "4e7eaffc2b17ba398759f1151415869a34771ba11ebbccd1b0145472a619a64f"
      url: "https://pub.dev"
    source: hosted
    version: "2.5.6"
  shared_preferences_linux:
    dependency: transitive
    description:
      name: shared_preferences_linux
      sha256: "580abfd40f415611503cae30adf626e6656dfb2f0cee8f465ece7b6defb40f2f"
      url: "https://pub.dev"
    source: hosted
    version: "2.4.1"
  shared_preferences_platform_interface:
    dependency: transitive
    description:
      name: shared_preferences_platform_interface
      sha256: "649dc798a33931919ea356c4305c2d1f81619ea6e92244070b520187b5140ef9"
      url: "https://pub.dev"
    source: hosted
    version: "2.4.2"
  shared_preferences_web:
    dependency: transitive
    description:
      name: shared_preferences_web
      sha256: c49bd060261c9a3f0ff445892695d6212ff603ef3115edbb448509d407600019
      url: "https://pub.dev"
    source: hosted
    version: "2.4.3"
  shared_preferences_windows:
    dependency: transitive
    description:
      name: shared_preferences_windows
      sha256: "94ef0f72b2d71bc3e700e025db3710911bd51a71cefb65cc609dd0d9a982e3c1"
      url: "https://pub.dev"
    source: hosted
    version: "2.4.1"
  sky_engine:
    dependency: transitive
    description: flutter
    source: sdk
    version: "0.0.0"
  source_span:
    dependency: transitive
    description:
      name: source_span
      sha256: "56a02f1f4cd1a2d96303c0144c93bd6d909eea6bee6bf5a0e0b685edbd4c47ab"
      url: "https://pub.dev"
    source: hosted
    version: "1.10.2"
  stack_trace:
    dependency: transitive
    description:
      name: stack_trace
      sha256: "8b27215b45d22309b5cddda1aa2b19bdfec9df0e765f2de506401c071d38d1b1"
      url: "https://pub.dev"
    source: hosted
    version: "1.12.1"
  stream_channel:
    dependency: transitive
    description:
      name: stream_channel
      sha256: "969e04c80b8bcdf826f8f16579c7b14d780458bd97f56d107d3950fdbeef059d"
      url: "https://pub.dev"
    source: hosted
    version: "2.1.4"
  string_scanner:
    dependency: transitive
    description:
      name: string_scanner
      sha256: "921cd31725b72fe181906c6a94d987c78e3b98c2e205b397ea399d4054872b43"
      url: "https://pub.dev"
    source: hosted
    version: "1.4.1"
  term_glyph:
    dependency: transitive
    description:
      name: term_glyph
      sha256: "7f554798625ea768a7518313e58f83891c7f5024f88e46e7182a4558850a4b8e"
      url: "https://pub.dev"
    source: hosted
    version: "1.2.2"
  test_api:
    dependency: transitive
    description:
      name: test_api
      sha256: "949a932224383300f01be9221c39180316445ecb8e7547f70a41a35bf421fb9e"
      url: "https://pub.dev"
    source: hosted
    version: "0.7.11"
  timezone:
    dependency: transitive
    description:
      name: timezone
      sha256: dd14a3b83cfd7cb19e7888f1cbc20f258b8d71b54c06f79ac585f14093a287d1
      url: "https://pub.dev"
    source: hosted
    version: "0.10.1"
  typed_data:
    dependency: transitive
    description:
      name: typed_data
      sha256: f9049c039ebfeb4cf7a7104a675823cd72dba8297f264b6637062516699fa006
      url: "https://pub.dev"
    source: hosted
    version: "1.4.0"
  url_launcher:
    dependency: transitive
    description:
      name: url_launcher
      sha256: f6a7e5c4835bb4e3026a04793a4199ca2d14c739ec378fdfe23fc8075d0439f8
      url: "https://pub.dev"
    source: hosted
    version: "6.3.2"
  url_launcher_android:
    dependency: transitive
    description:
      name: url_launcher_android
      sha256: b413d49b73867ac08dd2f9890efd3cc11f2a0e577618d50843440a1fb3776c32
      url: "https://pub.dev"
    source: hosted
    version: "6.3.32"
  url_launcher_ios:
    dependency: transitive
    description:
      name: url_launcher_ios
      sha256: "580fe5dfb51671ae38191d316e027f6b76272b026370708c2d898799750a02b0"
      url: "https://pub.dev"
    source: hosted
    version: "6.4.1"
  url_launcher_linux:
    dependency: transitive
    description:
      name: url_launcher_linux
      sha256: d5e14138b3bc193a0f63c10a53c94b91d399df0512b1f29b94a043db7482384a
      url: "https://pub.dev"
    source: hosted
    version: "3.2.2"
  url_launcher_macos:
    dependency: transitive
    description:
      name: url_launcher_macos
      sha256: "368adf46f71ad3c21b8f06614adb38346f193f3a59ba8fe9a2fd74133070ba18"
      url: "https://pub.dev"
    source: hosted
    version: "3.2.5"
  url_launcher_platform_interface:
    dependency: transitive
    description:
      name: url_launcher_platform_interface
      sha256: "552f8a1e663569be95a8190206a38187b531910283c3e982193e4f2733f01029"
      url: "https://pub.dev"
    source: hosted
    version: "2.3.2"
  url_launcher_web:
    dependency: transitive
    description:
      name: url_launcher_web
      sha256: "85c81589622fbc87c1c683aaea164d3604a7777495a79d91e39ffcdec39ddb34"
      url: "https://pub.dev"
    source: hosted
    version: "2.4.3"
  url_launcher_windows:
    dependency: transitive
    description:
      name: url_launcher_windows
      sha256: "712c70ab1b99744ff066053cbe3e80c73332b38d46e5e945c98689b2e66fc15f"
      url: "https://pub.dev"
    source: hosted
    version: "3.1.5"
  vector_graphics:
    dependency: transitive
    description:
      name: vector_graphics
      sha256: "2306c03da2ba81724afeb589c351ebbc0aa7d86005925be8f8735856dbe5e42d"
      url: "https://pub.dev"
    source: hosted
    version: "1.2.2"
  vector_graphics_codec:
    dependency: transitive
    description:
      name: vector_graphics_codec
      sha256: "99fd9fbd34d9f9a32efd7b6a6aae14125d8237b10403b422a6a6dfeac2806146"
      url: "https://pub.dev"
    source: hosted
    version: "1.1.13"
  vector_graphics_compiler:
    dependency: transitive
    description:
      name: vector_graphics_compiler
      sha256: "142a9146f447d15b10bdc00e21d5f4d83e5b32bb5f8f8f5a04c75311344923a3"
      url: "https://pub.dev"
    source: hosted
    version: "1.2.6"
  vector_math:
    dependency: transitive
    description:
      name: vector_math
      sha256: d530bd74fea330e6e364cda7a85019c434070188383e1cd8d9777ee586914c5b
      url: "https://pub.dev"
    source: hosted
    version: "2.2.0"
  vm_service:
    dependency: transitive
    description:
      name: vm_service
      sha256: "0016aef94fc66495ac78af5859181e3f3bf2026bd8eecc72b9565601e19ab360"
      url: "https://pub.dev"
    source: hosted
    version: "15.2.0"
  web:
    dependency: transitive
    description:
      name: web
      sha256: "868d88a33d8a87b18ffc05f9f030ba328ffefba92d6c127917a2ba740f9cfe4a"
      url: "https://pub.dev"
    source: hosted
    version: "1.1.1"
  win32:
    dependency: transitive
    description:
      name: win32
      sha256: ba6f4bba816c8d7e3c1580e170f3786d216951cc6b94babc3b814c08d2cb2738
      url: "https://pub.dev"
    source: hosted
    version: "6.3.0"
  xdg_directories:
    dependency: transitive
    description:
      name: xdg_directories
      sha256: "7a3f37b05d989967cdddcbb571f1ea834867ae2faa29725fd085180e0883aa15"
      url: "https://pub.dev"
    source: hosted
    version: "1.1.0"
  xml:
    dependency: transitive
    description:
      name: xml
      sha256: "971043b3a0d3da28727e40ed3e0b5d18b742fa5a68665cca88e74b7876d5e025"
      url: "https://pub.dev"
    source: hosted
    version: "6.6.1"
  yaml:
    dependency: transitive
    description:
      name: yaml
      sha256: b9da305ac7c39faa3f030eccd175340f968459dae4af175130b3fc47e40d76ce
      url: "https://pub.dev"
    source: hosted
    version: "3.1.3"
sdks:
  dart: ">=3.12.0 <4.0.0"
  flutter: ">=3.44.0"
